{
  "name": "cubbook",
  "version": "1.0.0",
  "lockfileVersion": 2,
  "requires": true,
  "packages": {
    "": {
      "name": "cubbook",
      "version": "1.0.0",
      "license": "ISC",
      "dependencies": {
        "gitbook-plugin-ck-theme": "^1.0.3",
        "gitbook-plugin-code": "^0.1.0",
        "gitbook-plugin-search-pro": "^2.0.2"
      }
    },
    "node_modules/gitbook-plugin-ck-theme": {
      "version": "1.0.3",
      "resolved": "https://registry.npmmirror.com/gitbook-plugin-ck-theme/-/gitbook-plugin-ck-theme-1.0.3.tgz",
      "integrity": "sha512-oUeRyncOsh4auWcYrO/SLG/HeA4xQo4AIr3QykRVr0wXlPCaQpO3oevhmhT4t+pVdAA58uJUd71uoOi4DL1Cwg==",
      "engines": {
        "gitbook": "*"
      }
    },
    "node_modules/gitbook-plugin-code": {
      "version": "0.1.0",
      "resolved": "https://registry.npmmirror.com/gitbook-plugin-code/-/gitbook-plugin-code-0.1.0.tgz",
      "integrity": "sha512-TE8CUFlN7da4SiN2LYx8qk+FX5w2O2IicEcn48sPTpA8gj9qKQqpYpGEdwgsDEev11shEjCZhDwFN//GQ7bdnA==",
      "engines": {
        "gitbook": ">2.5.0"
      }
    },
    "node_modules/gitbook-plugin-search-pro": {
      "version": "2.0.2",
      "resolved": "https://registry.npmmirror.com/gitbook-plugin-search-pro/-/gitbook-plugin-search-pro-2.0.2.tgz",
      "integrity": "sha512-JZvfwp1DPsoAeGjGwLsYNr4BBgreAUYBfrpZbnLKg3COAO+OsFYOKEAexHKATOajCEhiQMfkN1rnFGTYP2XTkA==",
      "dependencies": {
        "html-entities": "1.2.0"
      },
      "engines": {
        "gitbook": ">=3.0.0"
      }
    },
    "node_modules/html-entities": {
      "version": "1.2.0",
      "resolved": "https://registry.npmmirror.com/html-entities/-/html-entities-1.2.0.tgz",
      "integrity": "sha512-0md7tlUUyb0BEQGsZzbqty1CgV6RESOoxdivt94AScqhBhYsPCCQCOaGvur/RospMjYpPJ7iFe3zw4Bu4SVA8g==",
      "engines": [
        "node >= 0.4.0"
      ]
    }
  },
  "dependencies": {
    "gitbook-plugin-ck-theme": {
      "version": "1.0.3",
      "resolved": "https://registry.npmmirror.com/gitbook-plugin-ck-theme/-/gitbook-plugin-ck-theme-1.0.3.tgz",
      "integrity": "sha512-oUeRyncOsh4auWcYrO/SLG/HeA4xQo4AIr3QykRVr0wXlPCaQpO3oevhmhT4t+pVdAA58uJUd71uoOi4DL1Cwg=="
    },
    "gitbook-plugin-code": {
      "version": "0.1.0",
      "resolved": "https://registry.npmmirror.com/gitbook-plugin-code/-/gitbook-plugin-code-0.1.0.tgz",
      "integrity": "sha512-TE8CUFlN7da4SiN2LYx8qk+FX5w2O2IicEcn48sPTpA8gj9qKQqpYpGEdwgsDEev11shEjCZhDwFN//GQ7bdnA=="
    },
    "gitbook-plugin-search-pro": {
      "version": "2.0.2",
      "resolved": "https://registry.npmmirror.com/gitbook-plugin-search-pro/-/gitbook-plugin-search-pro-2.0.2.tgz",
      "integrity": "sha512-JZvfwp1DPsoAeGjGwLsYNr4BBgreAUYBfrpZbnLKg3COAO+OsFYOKEAexHKATOajCEhiQMfkN1rnFGTYP2XTkA==",
      "requires": {
        "html-entities": "1.2.0"
      }
    },
    "html-entities": {
      "version": "1.2.0",
      "resolved": "https://registry.npmmirror.com/html-entities/-/html-entities-1.2.0.tgz",
      "integrity": "sha512-0md7tlUUyb0BEQGsZzbqty1CgV6RESOoxdivt94AScqhBhYsPCCQCOaGvur/RospMjYpPJ7iFe3zw4Bu4SVA8g=="
    }
  }
}
